
Microsoft Visual Studio Solution File, Format Version 12.00
# Visual Studio Version 17
VisualStudioVersion = 17.5.33516.290
MinimumVisualStudioVersion = 10.0.40219.1
Project("{FAE04EC0-301F-11D3-BF4B-00C04F79EFBC}") = "GameSwiper", "GameSwiper.csproj", "{B4D3A086-724A-4E07-85A8-1DA8B430C5C0}"
EndProject
Global
	GlobalSection(SolutionConfigurationPlatforms) = preSolution
		Debug|Any CPU = Debug|Any CPU
		Release|Any CPU = Release|Any CPU
	EndGlobalSection
	GlobalSection(ProjectConfigurationPlatforms) = postSolution
		{B4D3A086-724A-4E07-85A8-1DA8B430C5C0}.Debug|Any CPU.ActiveCfg = Debug|Any CPU
		{B4D3A086-724A-4E07-85A8-1DA8B430C5C0}.Debug|Any CPU.Build.0 = Debug|Any CPU
		{B4D3A086-724A-4E07-85A8-1DA8B430C5C0}.Release|Any CPU.ActiveCfg = Release|Any CPU
		{B4D3A086-724A-4E07-85A8-1DA8B430C5C0}.Release|Any CPU.Build.0 = Release|Any CPU
	EndGlobalSection
	GlobalSection(SolutionProperties) = preSolution
		HideSolutionNode = FALSE
	EndGlobalSection
	GlobalSection(ExtensibilityGlobals) = postSolution
		SolutionGuid = {81413406-7E7A-4A8E-8804-77FBD7E3E03D}
	EndGlobalSection
EndGlobal
